{
  "requires": true,
  "lockfileVersion": 1,
  "dependencies": {
    "@comunica/types": {
      "version": "1.21.1",
      "resolved": "https://registry.npmjs.org/@comunica/types/-/types-1.21.1.tgz",
      "integrity": "sha512-Sdp8m9yvKbcCSx31L4nLe0tORCRc1TvUXSgpIUVGBXunqZpoWAhxcn2PZn7//xb6xnYUjHqrQZhYQbMdDIqONQ==",
      "requires": {
        "@types/rdf-js": "*",
        "asynciterator": "^3.1.0",
        "immutable": "^3.8.2",
        "sparqlalgebrajs": "^2.4.0"
      }
    },
    "@rdfjs/data-model": {
      "version": "1.2.0",
      "resolved": "https://registry.npmjs.org/@rdfjs/data-model/-/data-model-1.2.0.tgz",
      "integrity": "sha512-6ITWcu2sr9zJqXUPDm1XJ8DRpea7PotWBIkTzuO1MCSruLOWH2ICoQOAtlJy30cT+GqH9oAQKPR+CHXejsdizA==",
      "requires": {
        "@types/rdf-js": "*"
      }
    },
    "@rdfjs/types": {
      "version": "1.0.1",
      "resolved": "https://registry.npmjs.org/@rdfjs/types/-/types-1.0.1.tgz",
      "integrity": "sha512-YxVkH0XrCNG3MWeZxfg596GFe+oorTVusmNxRP6ZHTsGczZ8AGvG3UchRNkg3Fy4MyysI7vBAA5YZbESL+VmHQ==",
      "requires": {
        "@types/node": "*"
      }
    },
    "@types/abstract-leveldown": {
      "version": "5.0.1",
      "resolved": "https://registry.npmjs.org/@types/abstract-leveldown/-/abstract-leveldown-5.0.1.tgz",
      "integrity": "sha512-wYxU3kp5zItbxKmeRYCEplS2MW7DzyBnxPGj+GJVHZEUZiK/nn5Ei1sUFgURDh+X051+zsGe28iud3oHjrYWQQ=="
    },
    "@types/http-link-header": {
      "version": "1.0.2",
      "resolved": "https://registry.npmjs.org/@types/http-link-header/-/http-link-header-1.0.2.tgz",
      "integrity": "sha512-rWvCGMtwx+01LFVpLbSYagloSMgqDwfzLSx9JcwUEkJWo4oDBKihp6X92Ff5tIS4VE5ojV4wH6iMnAnr/TZhhg==",
      "requires": {
        "@types/node": "*"
      }
    },
    "@types/node": {
      "version": "15.12.4",
      "resolved": "https://registry.npmjs.org/@types/node/-/node-15.12.4.tgz",
      "integrity": "sha512-zrNj1+yqYF4WskCMOHwN+w9iuD12+dGm0rQ35HLl9/Ouuq52cEtd0CH9qMgrdNmi5ejC1/V7vKEXYubB+65DkA=="
    },
    "@types/rdf-js": {
      "version": "4.0.2",
      "resolved": "https://registry.npmjs.org/@types/rdf-js/-/rdf-js-4.0.2.tgz",
      "integrity": "sha512-soR/+RMogGiDU1lrpuQl5ZL55/L1eq/JlR2dWx052Uh/RYs9okh3XZHFlIJXHZqjqyjEn4WdbOMfBj7vvc2WVQ==",
      "requires": {
        "rdf-js": "*"
      }
    },
    "asynciterator": {
      "version": "3.1.0",
      "resolved": "https://registry.npmjs.org/asynciterator/-/asynciterator-3.1.0.tgz",
      "integrity": "sha512-+iDz8roOCGT+hvhhJ+GsQliEEB4Qd1QL1RIsllssZ3MkrtBGqc5Uwi3n5LcLp2f3rXRK07+qJPZQO+YvFCQzug=="
    },
    "canonicalize": {
      "version": "1.0.5",
      "resolved": "https://registry.npmjs.org/canonicalize/-/canonicalize-1.0.5.tgz",
      "integrity": "sha512-mAjKJPIyP0xqqv6IAkvso07StOmz6cmGtNDg3pXCSzXVZOqka7StIkAhJl/zHOi4M2CgpYfD6aeRWbnrmtvBEA=="
    },
    "cross-fetch": {
      "version": "3.1.4",
      "resolved": "https://registry.npmjs.org/cross-fetch/-/cross-fetch-3.1.4.tgz",
      "integrity": "sha512-1eAtFWdIubi6T4XPy6ei9iUFoKpUkIF971QLN8lIvvvwueI65+Nw5haMNKUwfJxabqlIIDODJKGrQ66gxC0PbQ==",
      "requires": {
        "node-fetch": "2.6.1"
      }
    },
    "fast-deep-equal": {
      "version": "3.1.3",
      "resolved": "https://registry.npmjs.org/fast-deep-equal/-/fast-deep-equal-3.1.3.tgz",
      "integrity": "sha512-f3qQ9oQy9j2AhBe/H9VC91wLmKBCCU/gDOnKNAYG5hswO7BLKj09Hc5HYNz9cGI++xlpDCIgDaitVs03ATR84Q=="
    },
    "hash.js": {
      "version": "1.1.7",
      "resolved": "https://registry.npmjs.org/hash.js/-/hash.js-1.1.7.tgz",
      "integrity": "sha512-taOaskGt4z4SOANNseOviYDvjEJinIkRgmp7LbKP2YTTmVxWBl87s/uzK9r+44BclBSp2X7K1hqeNfz9JbBeXA==",
      "requires": {
        "inherits": "^2.0.3",
        "minimalistic-assert": "^1.0.1"
      }
    },
    "http-link-header": {
      "version": "1.0.3",
      "resolved": "https://registry.npmjs.org/http-link-header/-/http-link-header-1.0.3.tgz",
      "integrity": "sha512-nARK1wSKoBBrtcoESlHBx36c1Ln/gnbNQi1eB6MeTUefJIT3NvUOsV15bClga0k38f0q/kN5xxrGSDS3EFnm9w=="
    },
    "immutable": {
      "version": "3.8.2",
      "resolved": "https://registry.npmjs.org/immutable/-/immutable-3.8.2.tgz",
      "integrity": "sha1-wkOZUUVbs5kT2vKBN28VMOEErfM="
    },
    "inherits": {
      "version": "2.0.4",
      "resolved": "https://registry.npmjs.org/inherits/-/inherits-2.0.4.tgz",
      "integrity": "sha512-k/vGaX4/Yla3WzyMCvTQOXYeIHvqOKtnqBduzTHpzpQZzAskKMhZ2K+EnBiSM9zGSoIFeMpXKxa4dYeZIQqewQ=="
    },
    "jsonld-context-parser": {
      "version": "2.1.2",
      "resolved": "https://registry.npmjs.org/jsonld-context-parser/-/jsonld-context-parser-2.1.2.tgz",
      "integrity": "sha512-zAhus+dz4IrXiYAiYf6M1PSdYkILVWPg4bqqGfim+rGrmVc3d0drFAriLOU2RMwQFKljM+41lJTau47sxt6YWA==",
      "requires": {
        "@types/http-link-header": "^1.0.1",
        "@types/node": "^13.1.0",
        "canonicalize": "^1.0.1",
        "cross-fetch": "^3.0.6",
        "http-link-header": "^1.0.2",
        "relative-to-absolute-iri": "^1.0.5"
      },
      "dependencies": {
        "@types/node": {
          "version": "13.13.52",
          "resolved": "https://registry.npmjs.org/@types/node/-/node-13.13.52.tgz",
          "integrity": "sha512-s3nugnZumCC//n4moGGe6tkNMyYEdaDBitVjwPxXmR5lnMG5dHePinH2EdxkG3Rh1ghFHHixAG4NJhpJW1rthQ=="
        }
      }
    },
    "jsonld-streaming-serializer": {
      "version": "1.2.0",
      "resolved": "https://registry.npmjs.org/jsonld-streaming-serializer/-/jsonld-streaming-serializer-1.2.0.tgz",
      "integrity": "sha512-66uJz15dxuUFiVKbji5eV4h+1F3XTKnOhZjK9Plx0zyL1CkG5/zhCK4U1wPTg0nUhSUODZ+jAtuRoD4zdZjKYA==",
      "requires": {
        "@types/rdf-js": "*",
        "jsonld-context-parser": "^2.0.0"
      }
    },
    "lodash.uniqwith": {
      "version": "4.5.0",
      "resolved": "https://registry.npmjs.org/lodash.uniqwith/-/lodash.uniqwith-4.5.0.tgz",
      "integrity": "sha1-egy/ZfQ7WShiWp1NDcVLGMrcfvM="
    },
    "minimalistic-assert": {
      "version": "1.0.1",
      "resolved": "https://registry.npmjs.org/minimalistic-assert/-/minimalistic-assert-1.0.1.tgz",
      "integrity": "sha512-UtJcAD4yEaGtjPezWuO9wC4nwUnVH/8/Im3yEHQP4b67cXlD/Qr9hdITCU1xDbSEXg2XKNaP8jsReV7vQd00/A=="
    },
    "minimist": {
      "version": "1.2.5",
      "resolved": "https://registry.npmjs.org/minimist/-/minimist-1.2.5.tgz",
      "integrity": "sha512-FM9nNUYrRBAELZQT3xeZQ7fmMOBg6nWNmJKTcgsJeaLstP/UODVpGsr5OhXhhXg6f+qtJ8uiZ+PUxkDWcgIXLw=="
    },
    "nanoid": {
      "version": "3.1.23",
      "resolved": "https://registry.npmjs.org/nanoid/-/nanoid-3.1.23.tgz",
      "integrity": "sha512-FiB0kzdP0FFVGDKlRLEQ1BgDzU87dy5NnzjeW9YZNt+/c3+q82EQDUwniSAUxp/F0gFNI1ZhKU1FqYsMuqZVnw=="
    },
    "node-fetch": {
      "version": "2.6.1",
      "resolved": "https://registry.npmjs.org/node-fetch/-/node-fetch-2.6.1.tgz",
      "integrity": "sha512-V4aYg89jEoVRxRb2fJdAg8FHvI7cEyYdVAh94HH0UIK8oJxUfkjlDQN9RbMx+bEjP7+ggMiFRprSti032Oipxw=="
    },
    "quadstore": {
      "version": "9.1.0",
      "resolved": "https://registry.npmjs.org/quadstore/-/quadstore-9.1.0.tgz",
      "integrity": "sha512-ikgEGCzjx3nBX8a7MfAKZMoxxNYNCdeNTHy7F5xbNVUMP2tFGr20zv4SLCwqyebvrCJ8fKFY4i9oTAQqgGg+iQ==",
      "requires": {
        "@comunica/types": "^1.20.0",
        "@types/abstract-leveldown": "^5.0.1",
        "@types/rdf-js": "^4.0.1",
        "asynciterator": "^3.1.0",
        "nanoid": "^3.1.22",
        "rdf-data-factory": "^1.0.4",
        "sparqlalgebrajs": "^2.5.5",
        "sparqljs": "^3.4.1"
      }
    },
    "rdf-data-factory": {
      "version": "1.0.4",
      "resolved": "https://registry.npmjs.org/rdf-data-factory/-/rdf-data-factory-1.0.4.tgz",
      "integrity": "sha512-ZIIwEkLcV7cTc+atvQFzAETFVRHz1BRe/MhdkZqYse8vxskErj8/bF/Ittc3B5c0GTyw6O3jVF2V7xBRGyRoSQ==",
      "requires": {
        "@types/rdf-js": "*"
      }
    },
    "rdf-isomorphic": {
      "version": "1.2.1",
      "resolved": "https://registry.npmjs.org/rdf-isomorphic/-/rdf-isomorphic-1.2.1.tgz",
      "integrity": "sha512-kIKlQYoizNqp8zhbca1zV3mYngisoD/KNt/xBRjagp7R3F8niI3b1vxvqcWlSkNXgPD6MsXpP2E/uXZ8oGTIcA==",
      "requires": {
        "hash.js": "^1.1.7",
        "rdf-string": "^1.5.0",
        "rdf-terms": "^1.6.2"
      }
    },
    "rdf-js": {
      "version": "4.0.2",
      "resolved": "https://registry.npmjs.org/rdf-js/-/rdf-js-4.0.2.tgz",
      "integrity": "sha512-ApvlFa/WsQh8LpPK/6hctQwG06Z9ztQQGWVtrcrf9L6+sejHNXLPOqL+w7q3hF+iL0C4sv3AX1PUtGkLNzyZ0Q==",
      "requires": {
        "@rdfjs/types": "*"
      }
    },
    "rdf-string": {
      "version": "1.5.0",
      "resolved": "https://registry.npmjs.org/rdf-string/-/rdf-string-1.5.0.tgz",
      "integrity": "sha512-3TEJuDIKUADgZrfcZG+zAN4GfVA1Ei2sKA7Z7QVHkAE36wWoRGPJbGihPQMldgzvy9lG2nzZU+CXz+6oGSQNsQ==",
      "requires": {
        "rdf-data-factory": "^1.0.0"
      }
    },
    "rdf-terms": {
      "version": "1.6.2",
      "resolved": "https://registry.npmjs.org/rdf-terms/-/rdf-terms-1.6.2.tgz",
      "integrity": "sha512-dASpdYHYLEwzN9iSymJie1WUj6VHXy1By8Am4g2rJlhTfVvNitsJpDY+A3X2QehlGhCaWjHMzXS4q/JKNPI80A==",
      "requires": {
        "lodash.uniqwith": "^4.5.0",
        "rdf-data-factory": "^1.0.1"
      }
    },
    "relative-to-absolute-iri": {
      "version": "1.0.6",
      "resolved": "https://registry.npmjs.org/relative-to-absolute-iri/-/relative-to-absolute-iri-1.0.6.tgz",
      "integrity": "sha512-Xw5/Zx6iWSCMJUXwXVOjySjH8Xli4hVFL9QQFvkl1qEmFBG94J+QUI9emnoctOCD3285f1jNV+QWV9eDYwIdfQ=="
    },
    "sparqlalgebrajs": {
      "version": "2.5.5",
      "resolved": "https://registry.npmjs.org/sparqlalgebrajs/-/sparqlalgebrajs-2.5.5.tgz",
      "integrity": "sha512-sG9XI5311mS+JPDaeZUwtwYaYDRiTZDzxtHVS1GSrnfcZ2aiK1fa1PX9z16l7dtS35X3z1j1qyHEElzZO5OM3A==",
      "requires": {
        "fast-deep-equal": "^3.1.3",
        "minimist": "^1.2.5",
        "rdf-data-factory": "^1.0.4",
        "rdf-isomorphic": "^1.2.0",
        "rdf-string": "^1.5.0",
        "sparqljs": "^3.3.0"
      }
    },
    "sparqljs": {
      "version": "3.4.2",
      "resolved": "https://registry.npmjs.org/sparqljs/-/sparqljs-3.4.2.tgz",
      "integrity": "sha512-MmmZ6cMuvhf4Eh2FXX21dalgADUiZ9WN8XKMedwhTFg0r7W09/o8wvoZ8C4yA6FptnjjAjm+mGnxAEpkSRY3QQ==",
      "requires": {
        "rdf-data-factory": "^1.0.4"
      }
    }
  }
}
